
Microsoft Visual Studio Solution File, Format Version 12.00
# Visual Studio Version 17
VisualStudioVersion = 17.10.34928.147
MinimumVisualStudioVersion = 10.0.40219.1
Project("{FAE04EC0-301F-11D3-BF4B-00C04F79EFBC}") = "SuperShop", "SuperShop\SuperShop.csproj", "{E5C6FCCD-5522-4FB6-AFE8-5B48C327BF15}"
EndProject
Global
	GlobalSection(SolutionConfigurationPlatforms) = preSolution
		Debug|Any CPU = Debug|Any CPU
		Release|Any CPU = Release|Any CPU
	EndGlobalSection
	GlobalSection(ProjectConfigurationPlatforms) = postSolution
		{E5C6FCCD-5522-4FB6-AFE8-5B48C327BF15}.Debug|Any CPU.ActiveCfg = Debug|Any CPU
		{E5C6FCCD-5522-4FB6-AFE8-5B48C327BF15}.Debug|Any CPU.Build.0 = Debug|Any CPU
		{E5C6FCCD-5522-4FB6-AFE8-5B48C327BF15}.Release|Any CPU.ActiveCfg = Release|Any CPU
		{E5C6FCCD-5522-4FB6-AFE8-5B48C327BF15}.Release|Any CPU.Build.0 = Release|Any CPU
	EndGlobalSection
	GlobalSection(SolutionProperties) = preSolution
		HideSolutionNode = FALSE
	EndGlobalSection
	GlobalSection(ExtensibilityGlobals) = postSolution
		SolutionGuid = {396FBEB5-95ED-40D7-A9EE-6A4B812DF9CB}
	EndGlobalSection
EndGlobal
