
Microsoft Visual Studio Solution File, Format Version 12.00
# Visual Studio Version 17
VisualStudioVersion = 17.10.34928.147
MinimumVisualStudioVersion = 10.0.40219.1
Project("{9A19103F-16F7-4668-BE54-9A1E7A4F7556}") = "SuperShop", "SuperShop\SuperShop.csproj", "{E5C6FCCD-5522-4FB6-AFE8-5B48C327BF15}"
EndProject
Project("{FAE04EC0-301F-11D3-BF4B-00C04F79EFBC}") = "SuperShop.Prism", "SuperShop.Prism\SuperShop.Prism\SuperShop.Prism.csproj", "{D92CEDE4-AE58-4472-AAD4-B4A97EEEBD17}"
EndProject
Project("{FAE04EC0-301F-11D3-BF4B-00C04F79EFBC}") = "SuperShop.Prism.Android", "SuperShop.Prism\SuperShop.Prism.Android\SuperShop.Prism.Android.csproj", "{A5A058F5-0DB3-40EC-B618-FC8F240B75DF}"
EndProject
Project("{FAE04EC0-301F-11D3-BF4B-00C04F79EFBC}") = "SuperShop.Prism.iOS", "SuperShop.Prism\SuperShop.Prism.iOS\SuperShop.Prism.iOS.csproj", "{D9568AFA-032A-4CEA-9D98-5B7A45FAEDD2}"
EndProject
Global
	GlobalSection(SolutionConfigurationPlatforms) = preSolution
		Ad-Hoc|Any CPU = Ad-Hoc|Any CPU
		Ad-Hoc|iPhone = Ad-Hoc|iPhone
		Ad-Hoc|iPhoneSimulator = Ad-Hoc|iPhoneSimulator
		AppStore|Any CPU = AppStore|Any CPU
		AppStore|iPhone = AppStore|iPhone
		AppStore|iPhoneSimulator = AppStore|iPhoneSimulator
		Debug|Any CPU = Debug|Any CPU
		Debug|iPhone = Debug|iPhone
		Debug|iPhoneSimulator = Debug|iPhoneSimulator
		Release|Any CPU = Release|Any CPU
		Release|iPhone = Release|iPhone
		Release|iPhoneSimulator = Release|iPhoneSimulator
	EndGlobalSection
	GlobalSection(ProjectConfigurationPlatforms) = postSolution
		{E5C6FCCD-5522-4FB6-AFE8-5B48C327BF15}.Ad-Hoc|Any CPU.ActiveCfg = Release|Any CPU
		{E5C6FCCD-5522-4FB6-AFE8-5B48C327BF15}.Ad-Hoc|Any CPU.Build.0 = Release|Any CPU
		{E5C6FCCD-5522-4FB6-AFE8-5B48C327BF15}.Ad-Hoc|iPhone.ActiveCfg = Release|Any CPU
		{E5C6FCCD-5522-4FB6-AFE8-5B48C327BF15}.Ad-Hoc|iPhone.Build.0 = Release|Any CPU
		{E5C6FCCD-5522-4FB6-AFE8-5B48C327BF15}.Ad-Hoc|iPhoneSimulator.ActiveCfg = Release|Any CPU
		{E5C6FCCD-5522-4FB6-AFE8-5B48C327BF15}.Ad-Hoc|iPhoneSimulator.Build.0 = Release|Any CPU
		{E5C6FCCD-5522-4FB6-AFE8-5B48C327BF15}.AppStore|Any CPU.ActiveCfg = Release|Any CPU
		{E5C6FCCD-5522-4FB6-AFE8-5B48C327BF15}.AppStore|Any CPU.Build.0 = Release|Any CPU
		{E5C6FCCD-5522-4FB6-AFE8-5B48C327BF15}.AppStore|iPhone.ActiveCfg = Release|Any CPU
		{E5C6FCCD-5522-4FB6-AFE8-5B48C327BF15}.AppStore|iPhone.Build.0 = Release|Any CPU
		{E5C6FCCD-5522-4FB6-AFE8-5B48C327BF15}.AppStore|iPhoneSimulator.ActiveCfg = Release|Any CPU
		{E5C6FCCD-5522-4FB6-AFE8-5B48C327BF15}.AppStore|iPhoneSimulator.Build.0 = Release|Any CPU
		{E5C6FCCD-5522-4FB6-AFE8-5B48C327BF15}.Debug|Any CPU.ActiveCfg = Debug|Any CPU
		{E5C6FCCD-5522-4FB6-AFE8-5B48C327BF15}.Debug|Any CPU.Build.0 = Debug|Any CPU
		{E5C6FCCD-5522-4FB6-AFE8-5B48C327BF15}.Debug|iPhone.ActiveCfg = Debug|Any CPU
		{E5C6FCCD-5522-4FB6-AFE8-5B48C327BF15}.Debug|iPhone.Build.0 = Debug|Any CPU
		{E5C6FCCD-5522-4FB6-AFE8-5B48C327BF15}.Debug|iPhoneSimulator.ActiveCfg = Debug|Any CPU
		{E5C6FCCD-5522-4FB6-AFE8-5B48C327BF15}.Debug|iPhoneSimulator.Build.0 = Debug|Any CPU
		{E5C6FCCD-5522-4FB6-AFE8-5B48C327BF15}.Release|Any CPU.ActiveCfg = Release|Any CPU
		{E5C6FCCD-5522-4FB6-AFE8-5B48C327BF15}.Release|Any CPU.Build.0 = Release|Any CPU
		{E5C6FCCD-5522-4FB6-AFE8-5B48C327BF15}.Release|iPhone.ActiveCfg = Release|Any CPU
		{E5C6FCCD-5522-4FB6-AFE8-5B48C327BF15}.Release|iPhone.Build.0 = Release|Any CPU
		{E5C6FCCD-5522-4FB6-AFE8-5B48C327BF15}.Release|iPhoneSimulator.ActiveCfg = Release|Any CPU
		{E5C6FCCD-5522-4FB6-AFE8-5B48C327BF15}.Release|iPhoneSimulator.Build.0 = Release|Any CPU
		{D92CEDE4-AE58-4472-AAD4-B4A97EEEBD17}.Ad-Hoc|Any CPU.ActiveCfg = Debug|Any CPU
		{D92CEDE4-AE58-4472-AAD4-B4A97EEEBD17}.Ad-Hoc|Any CPU.Build.0 = Debug|Any CPU
		{D92CEDE4-AE58-4472-AAD4-B4A97EEEBD17}.Ad-Hoc|iPhone.ActiveCfg = Debug|Any CPU
		{D92CEDE4-AE58-4472-AAD4-B4A97EEEBD17}.Ad-Hoc|iPhone.Build.0 = Debug|Any CPU
		{D92CEDE4-AE58-4472-AAD4-B4A97EEEBD17}.Ad-Hoc|iPhoneSimulator.ActiveCfg = Debug|Any CPU
		{D92CEDE4-AE58-4472-AAD4-B4A97EEEBD17}.Ad-Hoc|iPhoneSimulator.Build.0 = Debug|Any CPU
		{D92CEDE4-AE58-4472-AAD4-B4A97EEEBD17}.AppStore|Any CPU.ActiveCfg = Debug|Any CPU
		{D92CEDE4-AE58-4472-AAD4-B4A97EEEBD17}.AppStore|Any CPU.Build.0 = Debug|Any CPU
		{D92CEDE4-AE58-4472-AAD4-B4A97EEEBD17}.AppStore|iPhone.ActiveCfg = Debug|Any CPU
		{D92CEDE4-AE58-4472-AAD4-B4A97EEEBD17}.AppStore|iPhone.Build.0 = Debug|Any CPU
		{D92CEDE4-AE58-4472-AAD4-B4A97EEEBD17}.AppStore|iPhoneSimulator.ActiveCfg = Debug|Any CPU
		{D92CEDE4-AE58-4472-AAD4-B4A97EEEBD17}.AppStore|iPhoneSimulator.Build.0 = Debug|Any CPU
		{D92CEDE4-AE58-4472-AAD4-B4A97EEEBD17}.Debug|Any CPU.ActiveCfg = Debug|Any CPU
		{D92CEDE4-AE58-4472-AAD4-B4A97EEEBD17}.Debug|Any CPU.Build.0 = Debug|Any CPU
		{D92CEDE4-AE58-4472-AAD4-B4A97EEEBD17}.Debug|iPhone.ActiveCfg = Debug|Any CPU
		{D92CEDE4-AE58-4472-AAD4-B4A97EEEBD17}.Debug|iPhone.Build.0 = Debug|Any CPU
		{D92CEDE4-AE58-4472-AAD4-B4A97EEEBD17}.Debug|iPhoneSimulator.ActiveCfg = Debug|Any CPU
		{D92CEDE4-AE58-4472-AAD4-B4A97EEEBD17}.Debug|iPhoneSimulator.Build.0 = Debug|Any CPU
		{D92CEDE4-AE58-4472-AAD4-B4A97EEEBD17}.Release|Any CPU.ActiveCfg = Release|Any CPU
		{D92CEDE4-AE58-4472-AAD4-B4A97EEEBD17}.Release|Any CPU.Build.0 = Release|Any CPU
		{D92CEDE4-AE58-4472-AAD4-B4A97EEEBD17}.Release|iPhone.ActiveCfg = Release|Any CPU
		{D92CEDE4-AE58-4472-AAD4-B4A97EEEBD17}.Release|iPhone.Build.0 = Release|Any CPU
		{D92CEDE4-AE58-4472-AAD4-B4A97EEEBD17}.Release|iPhoneSimulator.ActiveCfg = Release|Any CPU
		{D92CEDE4-AE58-4472-AAD4-B4A97EEEBD17}.Release|iPhoneSimulator.Build.0 = Release|Any CPU
		{A5A058F5-0DB3-40EC-B618-FC8F240B75DF}.Ad-Hoc|Any CPU.ActiveCfg = Debug|Any CPU
		{A5A058F5-0DB3-40EC-B618-FC8F240B75DF}.Ad-Hoc|Any CPU.Build.0 = Debug|Any CPU
		{A5A058F5-0DB3-40EC-B618-FC8F240B75DF}.Ad-Hoc|Any CPU.Deploy.0 = Debug|Any CPU
		{A5A058F5-0DB3-40EC-B618-FC8F240B75DF}.Ad-Hoc|iPhone.ActiveCfg = Debug|Any CPU
		{A5A058F5-0DB3-40EC-B618-FC8F240B75DF}.Ad-Hoc|iPhone.Build.0 = Debug|Any CPU
		{A5A058F5-0DB3-40EC-B618-FC8F240B75DF}.Ad-Hoc|iPhone.Deploy.0 = Debug|Any CPU
		{A5A058F5-0DB3-40EC-B618-FC8F240B75DF}.Ad-Hoc|iPhoneSimulator.ActiveCfg = Debug|Any CPU
		{A5A058F5-0DB3-40EC-B618-FC8F240B75DF}.Ad-Hoc|iPhoneSimulator.Build.0 = Debug|Any CPU
		{A5A058F5-0DB3-40EC-B618-FC8F240B75DF}.Ad-Hoc|iPhoneSimulator.Deploy.0 = Debug|Any CPU
		{A5A058F5-0DB3-40EC-B618-FC8F240B75DF}.AppStore|Any CPU.ActiveCfg = Debug|Any CPU
		{A5A058F5-0DB3-40EC-B618-FC8F240B75DF}.AppStore|Any CPU.Build.0 = Debug|Any CPU
		{A5A058F5-0DB3-40EC-B618-FC8F240B75DF}.AppStore|Any CPU.Deploy.0 = Debug|Any CPU
		{A5A058F5-0DB3-40EC-B618-FC8F240B75DF}.AppStore|iPhone.ActiveCfg = Debug|Any CPU
		{A5A058F5-0DB3-40EC-B618-FC8F240B75DF}.AppStore|iPhone.Build.0 = Debug|Any CPU
		{A5A058F5-0DB3-40EC-B618-FC8F240B75DF}.AppStore|iPhone.Deploy.0 = Debug|Any CPU
		{A5A058F5-0DB3-40EC-B618-FC8F240B75DF}.AppStore|iPhoneSimulator.ActiveCfg = Debug|Any CPU
		{A5A058F5-0DB3-40EC-B618-FC8F240B75DF}.AppStore|iPhoneSimulator.Build.0 = Debug|Any CPU
		{A5A058F5-0DB3-40EC-B618-FC8F240B75DF}.AppStore|iPhoneSimulator.Deploy.0 = Debug|Any CPU
		{A5A058F5-0DB3-40EC-B618-FC8F240B75DF}.Debug|Any CPU.ActiveCfg = Debug|Any CPU
		{A5A058F5-0DB3-40EC-B618-FC8F240B75DF}.Debug|Any CPU.Build.0 = Debug|Any CPU
		{A5A058F5-0DB3-40EC-B618-FC8F240B75DF}.Debug|Any CPU.Deploy.0 = Debug|Any CPU
		{A5A058F5-0DB3-40EC-B618-FC8F240B75DF}.Debug|iPhone.ActiveCfg = Debug|Any CPU
		{A5A058F5-0DB3-40EC-B618-FC8F240B75DF}.Debug|iPhone.Build.0 = Debug|Any CPU
		{A5A058F5-0DB3-40EC-B618-FC8F240B75DF}.Debug|iPhone.Deploy.0 = Debug|Any CPU
		{A5A058F5-0DB3-40EC-B618-FC8F240B75DF}.Debug|iPhoneSimulator.ActiveCfg = Debug|Any CPU
		{A5A058F5-0DB3-40EC-B618-FC8F240B75DF}.Debug|iPhoneSimulator.Build.0 = Debug|Any CPU
		{A5A058F5-0DB3-40EC-B618-FC8F240B75DF}.Debug|iPhoneSimulator.Deploy.0 = Debug|Any CPU
		{A5A058F5-0DB3-40EC-B618-FC8F240B75DF}.Release|Any CPU.ActiveCfg = Release|Any CPU
		{A5A058F5-0DB3-40EC-B618-FC8F240B75DF}.Release|Any CPU.Build.0 = Release|Any CPU
		{A5A058F5-0DB3-40EC-B618-FC8F240B75DF}.Release|Any CPU.Deploy.0 = Release|Any CPU
		{A5A058F5-0DB3-40EC-B618-FC8F240B75DF}.Release|iPhone.ActiveCfg = Release|Any CPU
		{A5A058F5-0DB3-40EC-B618-FC8F240B75DF}.Release|iPhone.Build.0 = Release|Any CPU
		{A5A058F5-0DB3-40EC-B618-FC8F240B75DF}.Release|iPhone.Deploy.0 = Release|Any CPU
		{A5A058F5-0DB3-40EC-B618-FC8F240B75DF}.Release|iPhoneSimulator.ActiveCfg = Release|Any CPU
		{A5A058F5-0DB3-40EC-B618-FC8F240B75DF}.Release|iPhoneSimulator.Build.0 = Release|Any CPU
		{A5A058F5-0DB3-40EC-B618-FC8F240B75DF}.Release|iPhoneSimulator.Deploy.0 = Release|Any CPU
		{D9568AFA-032A-4CEA-9D98-5B7A45FAEDD2}.Ad-Hoc|Any CPU.ActiveCfg = Ad-Hoc|iPhoneSimulator
		{D9568AFA-032A-4CEA-9D98-5B7A45FAEDD2}.Ad-Hoc|Any CPU.Build.0 = Ad-Hoc|iPhoneSimulator
		{D9568AFA-032A-4CEA-9D98-5B7A45FAEDD2}.Ad-Hoc|iPhone.ActiveCfg = Ad-Hoc|iPhone
		{D9568AFA-032A-4CEA-9D98-5B7A45FAEDD2}.Ad-Hoc|iPhone.Build.0 = Ad-Hoc|iPhone
		{D9568AFA-032A-4CEA-9D98-5B7A45FAEDD2}.Ad-Hoc|iPhoneSimulator.ActiveCfg = Ad-Hoc|iPhoneSimulator
		{D9568AFA-032A-4CEA-9D98-5B7A45FAEDD2}.Ad-Hoc|iPhoneSimulator.Build.0 = Ad-Hoc|iPhoneSimulator
		{D9568AFA-032A-4CEA-9D98-5B7A45FAEDD2}.AppStore|Any CPU.ActiveCfg = AppStore|iPhoneSimulator
		{D9568AFA-032A-4CEA-9D98-5B7A45FAEDD2}.AppStore|Any CPU.Build.0 = AppStore|iPhoneSimulator
		{D9568AFA-032A-4CEA-9D98-5B7A45FAEDD2}.AppStore|iPhone.ActiveCfg = AppStore|iPhone
		{D9568AFA-032A-4CEA-9D98-5B7A45FAEDD2}.AppStore|iPhone.Build.0 = AppStore|iPhone
		{D9568AFA-032A-4CEA-9D98-5B7A45FAEDD2}.AppStore|iPhoneSimulator.ActiveCfg = AppStore|iPhoneSimulator
		{D9568AFA-032A-4CEA-9D98-5B7A45FAEDD2}.AppStore|iPhoneSimulator.Build.0 = AppStore|iPhoneSimulator
		{D9568AFA-032A-4CEA-9D98-5B7A45FAEDD2}.Debug|Any CPU.ActiveCfg = Debug|iPhoneSimulator
		{D9568AFA-032A-4CEA-9D98-5B7A45FAEDD2}.Debug|Any CPU.Build.0 = Debug|iPhoneSimulator
		{D9568AFA-032A-4CEA-9D98-5B7A45FAEDD2}.Debug|iPhone.ActiveCfg = Debug|iPhone
		{D9568AFA-032A-4CEA-9D98-5B7A45FAEDD2}.Debug|iPhone.Build.0 = Debug|iPhone
		{D9568AFA-032A-4CEA-9D98-5B7A45FAEDD2}.Debug|iPhoneSimulator.ActiveCfg = Debug|iPhoneSimulator
		{D9568AFA-032A-4CEA-9D98-5B7A45FAEDD2}.Debug|iPhoneSimulator.Build.0 = Debug|iPhoneSimulator
		{D9568AFA-032A-4CEA-9D98-5B7A45FAEDD2}.Release|Any CPU.ActiveCfg = Release|iPhoneSimulator
		{D9568AFA-032A-4CEA-9D98-5B7A45FAEDD2}.Release|Any CPU.Build.0 = Release|iPhoneSimulator
		{D9568AFA-032A-4CEA-9D98-5B7A45FAEDD2}.Release|iPhone.ActiveCfg = Release|iPhone
		{D9568AFA-032A-4CEA-9D98-5B7A45FAEDD2}.Release|iPhone.Build.0 = Release|iPhone
		{D9568AFA-032A-4CEA-9D98-5B7A45FAEDD2}.Release|iPhoneSimulator.ActiveCfg = Release|iPhoneSimulator
		{D9568AFA-032A-4CEA-9D98-5B7A45FAEDD2}.Release|iPhoneSimulator.Build.0 = Release|iPhoneSimulator
	EndGlobalSection
	GlobalSection(SolutionProperties) = preSolution
		HideSolutionNode = FALSE
	EndGlobalSection
	GlobalSection(ExtensibilityGlobals) = postSolution
		SolutionGuid = {396FBEB5-95ED-40D7-A9EE-6A4B812DF9CB}
	EndGlobalSection
EndGlobal
